dependencies:
- name: redis
  repository: https://kubernetes-charts.storage.googleapis.com/
  version: 0.7.0
- name: postgresql
  repository: https://kubernetes-charts.storage.googleapis.com/
  version: 0.6.0
- name: minio
  repository: https://kubernetes-charts.storage.googleapis.com/
  version: 1.3.3
- name: runner
  repository: http://charts.lwolf.org/
  version: 0.4.1
- name: registry
  repository: http://charts.lwolf.org/
  version: 0.2.0
digest: sha256:25e51eec0d7d50fc104f663272cb836081dc3364d66e44ee28690b9bdd6b3925
generated: 2018-06-11T22:02:17.61264+01:00
