dependencies:
- name: redis
  repository: https://kubernetes-charts.storage.googleapis.com/
  version: 0.7.0
- name: postgresql
  repository: https://kubernetes-charts.storage.googleapis.com/
  version: 0.6.0
- name: minio
  repository: https://kubernetes-charts.storage.googleapis.com/
  version: 0.1.0
- name: runner
  repository: http://charts.lwolf.org/
  version: 0.4.1
- name: registry
  repository: http://charts.lwolf.org/
  version: 0.2.0
digest: sha256:8938b1799ef1fb1d4437598a3c6fe11c330f90effe4691d3dfb5ba3b14136d0a
generated: 2018-02-20T21:44:08.391709Z
